
Microsoft Visual Studio Solution File, Format Version 12.00
# Visual Studio Version 16
VisualStudioVersion = 16.0.31624.102
MinimumVisualStudioVersion = 10.0.40219.1
Project("{FAE04EC0-301F-11D3-BF4B-00C04F79EFBC}") = "LR_19", "LR_19.csproj", "{E464D5E5-5409-46D8-85FB-DEBD29EAB424}"
EndProject
Global
	GlobalSection(SolutionConfigurationPlatforms) = preSolution
		Debug|Any CPU = Debug|Any CPU
		Release|Any CPU = Release|Any CPU
	EndGlobalSection
	GlobalSection(ProjectConfigurationPlatforms) = postSolution
		{E464D5E5-5409-46D8-85FB-DEBD29EAB424}.Debug|Any CPU.ActiveCfg = Debug|Any CPU
		{E464D5E5-5409-46D8-85FB-DEBD29EAB424}.Debug|Any CPU.Build.0 = Debug|Any CPU
		{E464D5E5-5409-46D8-85FB-DEBD29EAB424}.Release|Any CPU.ActiveCfg = Release|Any CPU
		{E464D5E5-5409-46D8-85FB-DEBD29EAB424}.Release|Any CPU.Build.0 = Release|Any CPU
	EndGlobalSection
	GlobalSection(SolutionProperties) = preSolution
		HideSolutionNode = FALSE
	EndGlobalSection
	GlobalSection(ExtensibilityGlobals) = postSolution
		SolutionGuid = {0D010790-E737-4637-8DBC-A8413F5346FA}
	EndGlobalSection
EndGlobal
